
Microsoft Visual Studio Solution File, Format Version 12.00
# Visual Studio Version 16
VisualStudioVersion = 16.0.28729.10
MinimumVisualStudioVersion = 15.0.26124.0
Project("{9A19103F-16F7-4668-BE54-9A1E7A4F7556}") = "Brimborium.Extensions.Http", "src\Brimborium.Extensions.Http\Brimborium.Extensions.Http.csproj", "{853C3B73-660E-4A0A-A075-42435F84C2C3}"
EndProject
Project("{9A19103F-16F7-4668-BE54-9A1E7A4F7556}") = "Brimborium.Extensions.SpreadScope", "src\Brimborium.Extensions.SpreadScope\Brimborium.Extensions.SpreadScope.csproj", "{D81E24C4-785F-4B82-9EDC-A892C311A65E}"
EndProject
Project("{9A19103F-16F7-4668-BE54-9A1E7A4F7556}") = "Brimborium.Extensions.Http.Test", "test\Brimborium.Extensions.Http.Test\Brimborium.Extensions.Http.Test.csproj", "{03415CC5-398B-4C50-848E-B5E46F24FFAE}"
EndProject
Project("{9A19103F-16F7-4668-BE54-9A1E7A4F7556}") = "Brimborium.Extensions.SpreadScope.Test", "test\Brimborium.Extensions.SpreadScope.Test\Brimborium.Extensions.SpreadScope.Test.csproj", "{29FC4758-D72D-4D51-9017-DD81A28B92C3}"
EndProject
Project("{9A19103F-16F7-4668-BE54-9A1E7A4F7556}") = "Brimborium.Extensions.Shared", "src\Brimborium.Extensions.Shared\Brimborium.Extensions.Shared.csproj", "{14FE47C2-15C3-402F-849F-787FBB05EDAE}"
EndProject
Project("{9A19103F-16F7-4668-BE54-9A1E7A4F7556}") = "Brimborium.Extensions.Abstractions", "src\Brimborium.Extensions.Abstractions\Brimborium.Extensions.Abstractions.csproj", "{3EA89E11-4741-41FF-8639-6B437DCE5315}"
EndProject
Project("{9A19103F-16F7-4668-BE54-9A1E7A4F7556}") = "Brimborium.Extensions.Entity", "src\Brimborium.Extensions.Entity\Brimborium.Extensions.Entity.csproj", "{4B4EC259-C2E7-49D7-A065-A4A11656B662}"
EndProject
Project("{9A19103F-16F7-4668-BE54-9A1E7A4F7556}") = "Brimborium.Extensions.Sql", "src\Brimborium.Extensions.Sql\Brimborium.Extensions.Sql.csproj", "{EE7EB563-B735-4542-BE56-8408E7F622D9}"
EndProject
Project("{9A19103F-16F7-4668-BE54-9A1E7A4F7556}") = "Brimborium.Extensions.Http.Sample-Client", "sample\Brimborium.Extensions.Http.Sample-Client\Brimborium.Extensions.Http.Sample-Client.csproj", "{E790AB4E-F01C-4EAE-80C6-B844FAE73E05}"
EndProject
Project("{9A19103F-16F7-4668-BE54-9A1E7A4F7556}") = "Brimborium.Extensions.Http.Sample-Server", "sample\Brimborium.Extensions.Http.Sample-Server\Brimborium.Extensions.Http.Sample-Server.csproj", "{B2BE041D-B7D8-4544-A66A-62699A84AC32}"
EndProject
Project("{2150E333-8FDC-42A3-9474-1A3956D46DE8}") = "Solution Items", "Solution Items", "{F74A1FA7-2F32-4248-A55F-93D2803A5009}"
	ProjectSection(SolutionItems) = preProject
		.editorconfig = .editorconfig
		README.md = README.md
	EndProjectSection
EndProject
Project("{9A19103F-16F7-4668-BE54-9A1E7A4F7556}") = "Brimborium.Extensions.RequestPipe", "src\Brimborium.Extensions.RequestPipe\Brimborium.Extensions.RequestPipe.csproj", "{13D27879-556F-4A8E-B86B-00684A356F42}"
EndProject
Project("{9A19103F-16F7-4668-BE54-9A1E7A4F7556}") = "Brimborium.Extensions.RequestPipe.Sample-WebApp", "sample\Brimborium.Extensions.RequestPipe.Sample-WebApp\Brimborium.Extensions.RequestPipe.Sample-WebApp.csproj", "{0AB850BD-0352-4B12-B7FD-0CB10FB7CD66}"
EndProject
Project("{9A19103F-16F7-4668-BE54-9A1E7A4F7556}") = "Brimborium.Extensions.RequestPipe.Sample-WebAPI", "sample\Brimborium.Extensions.RequestPipe.Sample-WebAPI\Brimborium.Extensions.RequestPipe.Sample-WebAPI.csproj", "{EA3A8C70-0DE6-4132-AE09-824D76E44F01}"
EndProject
Project("{9A19103F-16F7-4668-BE54-9A1E7A4F7556}") = "Brimborium.Extensions.RequestPipe.Test", "test\Brimborium.Extensions.RequestPipe.Test\Brimborium.Extensions.RequestPipe.Test.csproj", "{FFCEB05E-8760-46C7-A4EE-CB2B85126BF0}"
EndProject
Project("{9A19103F-16F7-4668-BE54-9A1E7A4F7556}") = "Brimborium.Extensions.RequestPipe.Sample-Library", "sample\Brimborium.Extensions.RequestPipe.Sample-Library\Brimborium.Extensions.RequestPipe.Sample-Library.csproj", "{EF69A285-EB44-44B0-BB00-0EE5C674A9B5}"
EndProject
Project("{9A19103F-16F7-4668-BE54-9A1E7A4F7556}") = "Brimborium.Extensions.RequestPipe.AspNetCore", "src\Brimborium.Extensions.RequestPipe.AspNetCore\Brimborium.Extensions.RequestPipe.AspNetCore.csproj", "{A37F01D3-14C2-4EC5-8826-E3D0E93D83AF}"
EndProject
Project("{9A19103F-16F7-4668-BE54-9A1E7A4F7556}") = "Brimborium.Extensions.LogInside", "src\Brimborium.Extensions.LogInside\Brimborium.Extensions.LogInside.csproj", "{C1C939D0-3831-4140-B578-B08A9E54DB24}"
EndProject
Project("{9A19103F-16F7-4668-BE54-9A1E7A4F7556}") = "Brimborium.Extensions.LogInside.Test", "test\Brimborium.Extensions.LogInside.Test\Brimborium.Extensions.LogInside.Test.csproj", "{96A916F6-3602-4A69-9DB5-1E9CBB3B0699}"
EndProject
Project("{9A19103F-16F7-4668-BE54-9A1E7A4F7556}") = "Brimborium.Extensions.Sharepoint", "Brimborium.Extensions.Sharepoint\Brimborium.Extensions.Sharepoint.csproj", "{EC181D4D-18D7-42D8-92D9-9DB804EA3863}"
EndProject
Project("{9A19103F-16F7-4668-BE54-9A1E7A4F7556}") = "Brimborium.Extensions.HttpAdal", "Brimborium.Extensions.HttpAdal\Brimborium.Extensions.HttpAdal.csproj", "{F7933D75-40F5-43CE-A270-F6538262F624}"
EndProject
Project("{9A19103F-16F7-4668-BE54-9A1E7A4F7556}") = "Brimborium.Extensions.Freezable", "src\Brimborium.Extensions.Freezable\Brimborium.Extensions.Freezable.csproj", "{BC28B172-7553-4C6D-977C-1603FFDB4238}"
EndProject
Project("{9A19103F-16F7-4668-BE54-9A1E7A4F7556}") = "Brimborium.Extensions.Freezable.Test", "test\Brimborium.Extensions.Freezable.Test\Brimborium.Extensions.Freezable.Test.csproj", "{DCBEFAB4-6395-4289-85AC-AF05F895CACC}"
EndProject
Project("{9A19103F-16F7-4668-BE54-9A1E7A4F7556}") = "Brimborium.Extensions.Disposable", "src\Brimborium.Extensions.Disposable\Brimborium.Extensions.Disposable.csproj", "{2D42B6B5-9B27-4A80-906B-DD7009C72E97}"
EndProject
Project("{9A19103F-16F7-4668-BE54-9A1E7A4F7556}") = "Brimborium.Extensions.Disposable.Test", "test\Brimborium.Extensions.Disposable.Test\Brimborium.Extensions.Disposable.Test.csproj", "{ABF872B9-3577-4B6B-A1DD-69DA0FCAD19C}"
EndProject
Project("{9A19103F-16F7-4668-BE54-9A1E7A4F7556}") = "Brimborium.Extensions.Decoration", "src\Brimborium.Extensions.Decoration\Brimborium.Extensions.Decoration.csproj", "{FDE2FB74-5F07-4EC2-8216-70C1729BBC41}"
EndProject
Project("{9A19103F-16F7-4668-BE54-9A1E7A4F7556}") = "Brimborium.PowerShell.StringTemplate4", "src\Brimborium.PowerShell.StringTemplate4\Brimborium.PowerShell.StringTemplate4.csproj", "{0F8D5B99-9074-409A-96D7-700FECA50CC5}"
EndProject
Global
	GlobalSection(SolutionConfigurationPlatforms) = preSolution
		Debug|Any CPU = Debug|Any CPU
		Debug|x64 = Debug|x64
		Debug|x86 = Debug|x86
		Release|Any CPU = Release|Any CPU
		Release|x64 = Release|x64
		Release|x86 = Release|x86
	EndGlobalSection
	GlobalSection(ProjectConfigurationPlatforms) = postSolution
		{853C3B73-660E-4A0A-A075-42435F84C2C3}.Debug|Any CPU.ActiveCfg = Debug|Any CPU
		{853C3B73-660E-4A0A-A075-42435F84C2C3}.Debug|Any CPU.Build.0 = Debug|Any CPU
		{853C3B73-660E-4A0A-A075-42435F84C2C3}.Debug|x64.ActiveCfg = Debug|Any CPU
		{853C3B73-660E-4A0A-A075-42435F84C2C3}.Debug|x64.Build.0 = Debug|Any CPU
		{853C3B73-660E-4A0A-A075-42435F84C2C3}.Debug|x86.ActiveCfg = Debug|Any CPU
		{853C3B73-660E-4A0A-A075-42435F84C2C3}.Debug|x86.Build.0 = Debug|Any CPU
		{853C3B73-660E-4A0A-A075-42435F84C2C3}.Release|Any CPU.ActiveCfg = Release|Any CPU
		{853C3B73-660E-4A0A-A075-42435F84C2C3}.Release|Any CPU.Build.0 = Release|Any CPU
		{853C3B73-660E-4A0A-A075-42435F84C2C3}.Release|x64.ActiveCfg = Release|Any CPU
		{853C3B73-660E-4A0A-A075-42435F84C2C3}.Release|x64.Build.0 = Release|Any CPU
		{853C3B73-660E-4A0A-A075-42435F84C2C3}.Release|x86.ActiveCfg = Release|Any CPU
		{853C3B73-660E-4A0A-A075-42435F84C2C3}.Release|x86.Build.0 = Release|Any CPU
		{D81E24C4-785F-4B82-9EDC-A892C311A65E}.Debug|Any CPU.ActiveCfg = Debug|Any CPU
		{D81E24C4-785F-4B82-9EDC-A892C311A65E}.Debug|Any CPU.Build.0 = Debug|Any CPU
		{D81E24C4-785F-4B82-9EDC-A892C311A65E}.Debug|x64.ActiveCfg = Debug|Any CPU
		{D81E24C4-785F-4B82-9EDC-A892C311A65E}.Debug|x64.Build.0 = Debug|Any CPU
		{D81E24C4-785F-4B82-9EDC-A892C311A65E}.Debug|x86.ActiveCfg = Debug|Any CPU
		{D81E24C4-785F-4B82-9EDC-A892C311A65E}.Debug|x86.Build.0 = Debug|Any CPU
		{D81E24C4-785F-4B82-9EDC-A892C311A65E}.Release|Any CPU.ActiveCfg = Release|Any CPU
		{D81E24C4-785F-4B82-9EDC-A892C311A65E}.Release|Any CPU.Build.0 = Release|Any CPU
		{D81E24C4-785F-4B82-9EDC-A892C311A65E}.Release|x64.ActiveCfg = Release|Any CPU
		{D81E24C4-785F-4B82-9EDC-A892C311A65E}.Release|x64.Build.0 = Release|Any CPU
		{D81E24C4-785F-4B82-9EDC-A892C311A65E}.Release|x86.ActiveCfg = Release|Any CPU
		{D81E24C4-785F-4B82-9EDC-A892C311A65E}.Release|x86.Build.0 = Release|Any CPU
		{03415CC5-398B-4C50-848E-B5E46F24FFAE}.Debug|Any CPU.ActiveCfg = Debug|Any CPU
		{03415CC5-398B-4C50-848E-B5E46F24FFAE}.Debug|Any CPU.Build.0 = Debug|Any CPU
		{03415CC5-398B-4C50-848E-B5E46F24FFAE}.Debug|x64.ActiveCfg = Debug|Any CPU
		{03415CC5-398B-4C50-848E-B5E46F24FFAE}.Debug|x64.Build.0 = Debug|Any CPU
		{03415CC5-398B-4C50-848E-B5E46F24FFAE}.Debug|x86.ActiveCfg = Debug|Any CPU
		{03415CC5-398B-4C50-848E-B5E46F24FFAE}.Debug|x86.Build.0 = Debug|Any CPU
		{03415CC5-398B-4C50-848E-B5E46F24FFAE}.Release|Any CPU.ActiveCfg = Release|Any CPU
		{03415CC5-398B-4C50-848E-B5E46F24FFAE}.Release|Any CPU.Build.0 = Release|Any CPU
		{03415CC5-398B-4C50-848E-B5E46F24FFAE}.Release|x64.ActiveCfg = Release|Any CPU
		{03415CC5-398B-4C50-848E-B5E46F24FFAE}.Release|x64.Build.0 = Release|Any CPU
		{03415CC5-398B-4C50-848E-B5E46F24FFAE}.Release|x86.ActiveCfg = Release|Any CPU
		{03415CC5-398B-4C50-848E-B5E46F24FFAE}.Release|x86.Build.0 = Release|Any CPU
		{29FC4758-D72D-4D51-9017-DD81A28B92C3}.Debug|Any CPU.ActiveCfg = Debug|Any CPU
		{29FC4758-D72D-4D51-9017-DD81A28B92C3}.Debug|Any CPU.Build.0 = Debug|Any CPU
		{29FC4758-D72D-4D51-9017-DD81A28B92C3}.Debug|x64.ActiveCfg = Debug|Any CPU
		{29FC4758-D72D-4D51-9017-DD81A28B92C3}.Debug|x64.Build.0 = Debug|Any CPU
		{29FC4758-D72D-4D51-9017-DD81A28B92C3}.Debug|x86.ActiveCfg = Debug|Any CPU
		{29FC4758-D72D-4D51-9017-DD81A28B92C3}.Debug|x86.Build.0 = Debug|Any CPU
		{29FC4758-D72D-4D51-9017-DD81A28B92C3}.Release|Any CPU.ActiveCfg = Release|Any CPU
		{29FC4758-D72D-4D51-9017-DD81A28B92C3}.Release|Any CPU.Build.0 = Release|Any CPU
		{29FC4758-D72D-4D51-9017-DD81A28B92C3}.Release|x64.ActiveCfg = Release|Any CPU
		{29FC4758-D72D-4D51-9017-DD81A28B92C3}.Release|x64.Build.0 = Release|Any CPU
		{29FC4758-D72D-4D51-9017-DD81A28B92C3}.Release|x86.ActiveCfg = Release|Any CPU
		{29FC4758-D72D-4D51-9017-DD81A28B92C3}.Release|x86.Build.0 = Release|Any CPU
		{14FE47C2-15C3-402F-849F-787FBB05EDAE}.Debug|Any CPU.ActiveCfg = Debug|Any CPU
		{14FE47C2-15C3-402F-849F-787FBB05EDAE}.Debug|Any CPU.Build.0 = Debug|Any CPU
		{14FE47C2-15C3-402F-849F-787FBB05EDAE}.Debug|x64.ActiveCfg = Debug|Any CPU
		{14FE47C2-15C3-402F-849F-787FBB05EDAE}.Debug|x64.Build.0 = Debug|Any CPU
		{14FE47C2-15C3-402F-849F-787FBB05EDAE}.Debug|x86.ActiveCfg = Debug|Any CPU
		{14FE47C2-15C3-402F-849F-787FBB05EDAE}.Debug|x86.Build.0 = Debug|Any CPU
		{14FE47C2-15C3-402F-849F-787FBB05EDAE}.Release|Any CPU.ActiveCfg = Release|Any CPU
		{14FE47C2-15C3-402F-849F-787FBB05EDAE}.Release|Any CPU.Build.0 = Release|Any CPU
		{14FE47C2-15C3-402F-849F-787FBB05EDAE}.Release|x64.ActiveCfg = Release|Any CPU
		{14FE47C2-15C3-402F-849F-787FBB05EDAE}.Release|x64.Build.0 = Release|Any CPU
		{14FE47C2-15C3-402F-849F-787FBB05EDAE}.Release|x86.ActiveCfg = Release|Any CPU
		{14FE47C2-15C3-402F-849F-787FBB05EDAE}.Release|x86.Build.0 = Release|Any CPU
		{3EA89E11-4741-41FF-8639-6B437DCE5315}.Debug|Any CPU.ActiveCfg = Debug|Any CPU
		{3EA89E11-4741-41FF-8639-6B437DCE5315}.Debug|Any CPU.Build.0 = Debug|Any CPU
		{3EA89E11-4741-41FF-8639-6B437DCE5315}.Debug|x64.ActiveCfg = Debug|Any CPU
		{3EA89E11-4741-41FF-8639-6B437DCE5315}.Debug|x64.Build.0 = Debug|Any CPU
		{3EA89E11-4741-41FF-8639-6B437DCE5315}.Debug|x86.ActiveCfg = Debug|Any CPU
		{3EA89E11-4741-41FF-8639-6B437DCE5315}.Debug|x86.Build.0 = Debug|Any CPU
		{3EA89E11-4741-41FF-8639-6B437DCE5315}.Release|Any CPU.ActiveCfg = Release|Any CPU
		{3EA89E11-4741-41FF-8639-6B437DCE5315}.Release|Any CPU.Build.0 = Release|Any CPU
		{3EA89E11-4741-41FF-8639-6B437DCE5315}.Release|x64.ActiveCfg = Release|Any CPU
		{3EA89E11-4741-41FF-8639-6B437DCE5315}.Release|x64.Build.0 = Release|Any CPU
		{3EA89E11-4741-41FF-8639-6B437DCE5315}.Release|x86.ActiveCfg = Release|Any CPU
		{3EA89E11-4741-41FF-8639-6B437DCE5315}.Release|x86.Build.0 = Release|Any CPU
		{4B4EC259-C2E7-49D7-A065-A4A11656B662}.Debug|Any CPU.ActiveCfg = Debug|Any CPU
		{4B4EC259-C2E7-49D7-A065-A4A11656B662}.Debug|Any CPU.Build.0 = Debug|Any CPU
		{4B4EC259-C2E7-49D7-A065-A4A11656B662}.Debug|x64.ActiveCfg = Debug|Any CPU
		{4B4EC259-C2E7-49D7-A065-A4A11656B662}.Debug|x64.Build.0 = Debug|Any CPU
		{4B4EC259-C2E7-49D7-A065-A4A11656B662}.Debug|x86.ActiveCfg = Debug|Any CPU
		{4B4EC259-C2E7-49D7-A065-A4A11656B662}.Debug|x86.Build.0 = Debug|Any CPU
		{4B4EC259-C2E7-49D7-A065-A4A11656B662}.Release|Any CPU.ActiveCfg = Release|Any CPU
		{4B4EC259-C2E7-49D7-A065-A4A11656B662}.Release|Any CPU.Build.0 = Release|Any CPU
		{4B4EC259-C2E7-49D7-A065-A4A11656B662}.Release|x64.ActiveCfg = Release|Any CPU
		{4B4EC259-C2E7-49D7-A065-A4A11656B662}.Release|x64.Build.0 = Release|Any CPU
		{4B4EC259-C2E7-49D7-A065-A4A11656B662}.Release|x86.ActiveCfg = Release|Any CPU
		{4B4EC259-C2E7-49D7-A065-A4A11656B662}.Release|x86.Build.0 = Release|Any CPU
		{EE7EB563-B735-4542-BE56-8408E7F622D9}.Debug|Any CPU.ActiveCfg = Debug|Any CPU
		{EE7EB563-B735-4542-BE56-8408E7F622D9}.Debug|Any CPU.Build.0 = Debug|Any CPU
		{EE7EB563-B735-4542-BE56-8408E7F622D9}.Debug|x64.ActiveCfg = Debug|Any CPU
		{EE7EB563-B735-4542-BE56-8408E7F622D9}.Debug|x64.Build.0 = Debug|Any CPU
		{EE7EB563-B735-4542-BE56-8408E7F622D9}.Debug|x86.ActiveCfg = Debug|Any CPU
		{EE7EB563-B735-4542-BE56-8408E7F622D9}.Debug|x86.Build.0 = Debug|Any CPU
		{EE7EB563-B735-4542-BE56-8408E7F622D9}.Release|Any CPU.ActiveCfg = Release|Any CPU
		{EE7EB563-B735-4542-BE56-8408E7F622D9}.Release|Any CPU.Build.0 = Release|Any CPU
		{EE7EB563-B735-4542-BE56-8408E7F622D9}.Release|x64.ActiveCfg = Release|Any CPU
		{EE7EB563-B735-4542-BE56-8408E7F622D9}.Release|x64.Build.0 = Release|Any CPU
		{EE7EB563-B735-4542-BE56-8408E7F622D9}.Release|x86.ActiveCfg = Release|Any CPU
		{EE7EB563-B735-4542-BE56-8408E7F622D9}.Release|x86.Build.0 = Release|Any CPU
		{E790AB4E-F01C-4EAE-80C6-B844FAE73E05}.Debug|Any CPU.ActiveCfg = Debug|Any CPU
		{E790AB4E-F01C-4EAE-80C6-B844FAE73E05}.Debug|Any CPU.Build.0 = Debug|Any CPU
		{E790AB4E-F01C-4EAE-80C6-B844FAE73E05}.Debug|x64.ActiveCfg = Debug|Any CPU
		{E790AB4E-F01C-4EAE-80C6-B844FAE73E05}.Debug|x64.Build.0 = Debug|Any CPU
		{E790AB4E-F01C-4EAE-80C6-B844FAE73E05}.Debug|x86.ActiveCfg = Debug|Any CPU
		{E790AB4E-F01C-4EAE-80C6-B844FAE73E05}.Debug|x86.Build.0 = Debug|Any CPU
		{E790AB4E-F01C-4EAE-80C6-B844FAE73E05}.Release|Any CPU.ActiveCfg = Release|Any CPU
		{E790AB4E-F01C-4EAE-80C6-B844FAE73E05}.Release|Any CPU.Build.0 = Release|Any CPU
		{E790AB4E-F01C-4EAE-80C6-B844FAE73E05}.Release|x64.ActiveCfg = Release|Any CPU
		{E790AB4E-F01C-4EAE-80C6-B844FAE73E05}.Release|x64.Build.0 = Release|Any CPU
		{E790AB4E-F01C-4EAE-80C6-B844FAE73E05}.Release|x86.ActiveCfg = Release|Any CPU
		{E790AB4E-F01C-4EAE-80C6-B844FAE73E05}.Release|x86.Build.0 = Release|Any CPU
		{B2BE041D-B7D8-4544-A66A-62699A84AC32}.Debug|Any CPU.ActiveCfg = Debug|Any CPU
		{B2BE041D-B7D8-4544-A66A-62699A84AC32}.Debug|Any CPU.Build.0 = Debug|Any CPU
		{B2BE041D-B7D8-4544-A66A-62699A84AC32}.Debug|x64.ActiveCfg = Debug|Any CPU
		{B2BE041D-B7D8-4544-A66A-62699A84AC32}.Debug|x64.Build.0 = Debug|Any CPU
		{B2BE041D-B7D8-4544-A66A-62699A84AC32}.Debug|x86.ActiveCfg = Debug|Any CPU
		{B2BE041D-B7D8-4544-A66A-62699A84AC32}.Debug|x86.Build.0 = Debug|Any CPU
		{B2BE041D-B7D8-4544-A66A-62699A84AC32}.Release|Any CPU.ActiveCfg = Release|Any CPU
		{B2BE041D-B7D8-4544-A66A-62699A84AC32}.Release|Any CPU.Build.0 = Release|Any CPU
		{B2BE041D-B7D8-4544-A66A-62699A84AC32}.Release|x64.ActiveCfg = Release|Any CPU
		{B2BE041D-B7D8-4544-A66A-62699A84AC32}.Release|x64.Build.0 = Release|Any CPU
		{B2BE041D-B7D8-4544-A66A-62699A84AC32}.Release|x86.ActiveCfg = Release|Any CPU
		{B2BE041D-B7D8-4544-A66A-62699A84AC32}.Release|x86.Build.0 = Release|Any CPU
		{13D27879-556F-4A8E-B86B-00684A356F42}.Debug|Any CPU.ActiveCfg = Debug|Any CPU
		{13D27879-556F-4A8E-B86B-00684A356F42}.Debug|Any CPU.Build.0 = Debug|Any CPU
		{13D27879-556F-4A8E-B86B-00684A356F42}.Debug|x64.ActiveCfg = Debug|Any CPU
		{13D27879-556F-4A8E-B86B-00684A356F42}.Debug|x64.Build.0 = Debug|Any CPU
		{13D27879-556F-4A8E-B86B-00684A356F42}.Debug|x86.ActiveCfg = Debug|Any CPU
		{13D27879-556F-4A8E-B86B-00684A356F42}.Debug|x86.Build.0 = Debug|Any CPU
		{13D27879-556F-4A8E-B86B-00684A356F42}.Release|Any CPU.ActiveCfg = Release|Any CPU
		{13D27879-556F-4A8E-B86B-00684A356F42}.Release|Any CPU.Build.0 = Release|Any CPU
		{13D27879-556F-4A8E-B86B-00684A356F42}.Release|x64.ActiveCfg = Release|Any CPU
		{13D27879-556F-4A8E-B86B-00684A356F42}.Release|x64.Build.0 = Release|Any CPU
		{13D27879-556F-4A8E-B86B-00684A356F42}.Release|x86.ActiveCfg = Release|Any CPU
		{13D27879-556F-4A8E-B86B-00684A356F42}.Release|x86.Build.0 = Release|Any CPU
		{0AB850BD-0352-4B12-B7FD-0CB10FB7CD66}.Debug|Any CPU.ActiveCfg = Debug|Any CPU
		{0AB850BD-0352-4B12-B7FD-0CB10FB7CD66}.Debug|Any CPU.Build.0 = Debug|Any CPU
		{0AB850BD-0352-4B12-B7FD-0CB10FB7CD66}.Debug|x64.ActiveCfg = Debug|Any CPU
		{0AB850BD-0352-4B12-B7FD-0CB10FB7CD66}.Debug|x64.Build.0 = Debug|Any CPU
		{0AB850BD-0352-4B12-B7FD-0CB10FB7CD66}.Debug|x86.ActiveCfg = Debug|Any CPU
		{0AB850BD-0352-4B12-B7FD-0CB10FB7CD66}.Debug|x86.Build.0 = Debug|Any CPU
		{0AB850BD-0352-4B12-B7FD-0CB10FB7CD66}.Release|Any CPU.ActiveCfg = Release|Any CPU
		{0AB850BD-0352-4B12-B7FD-0CB10FB7CD66}.Release|Any CPU.Build.0 = Release|Any CPU
		{0AB850BD-0352-4B12-B7FD-0CB10FB7CD66}.Release|x64.ActiveCfg = Release|Any CPU
		{0AB850BD-0352-4B12-B7FD-0CB10FB7CD66}.Release|x64.Build.0 = Release|Any CPU
		{0AB850BD-0352-4B12-B7FD-0CB10FB7CD66}.Release|x86.ActiveCfg = Release|Any CPU
		{0AB850BD-0352-4B12-B7FD-0CB10FB7CD66}.Release|x86.Build.0 = Release|Any CPU
		{EA3A8C70-0DE6-4132-AE09-824D76E44F01}.Debug|Any CPU.ActiveCfg = Debug|Any CPU
		{EA3A8C70-0DE6-4132-AE09-824D76E44F01}.Debug|Any CPU.Build.0 = Debug|Any CPU
		{EA3A8C70-0DE6-4132-AE09-824D76E44F01}.Debug|x64.ActiveCfg = Debug|Any CPU
		{EA3A8C70-0DE6-4132-AE09-824D76E44F01}.Debug|x64.Build.0 = Debug|Any CPU
		{EA3A8C70-0DE6-4132-AE09-824D76E44F01}.Debug|x86.ActiveCfg = Debug|Any CPU
		{EA3A8C70-0DE6-4132-AE09-824D76E44F01}.Debug|x86.Build.0 = Debug|Any CPU
		{EA3A8C70-0DE6-4132-AE09-824D76E44F01}.Release|Any CPU.ActiveCfg = Release|Any CPU
		{EA3A8C70-0DE6-4132-AE09-824D76E44F01}.Release|Any CPU.Build.0 = Release|Any CPU
		{EA3A8C70-0DE6-4132-AE09-824D76E44F01}.Release|x64.ActiveCfg = Release|Any CPU
		{EA3A8C70-0DE6-4132-AE09-824D76E44F01}.Release|x64.Build.0 = Release|Any CPU
		{EA3A8C70-0DE6-4132-AE09-824D76E44F01}.Release|x86.ActiveCfg = Release|Any CPU
		{EA3A8C70-0DE6-4132-AE09-824D76E44F01}.Release|x86.Build.0 = Release|Any CPU
		{FFCEB05E-8760-46C7-A4EE-CB2B85126BF0}.Debug|Any CPU.ActiveCfg = Debug|Any CPU
		{FFCEB05E-8760-46C7-A4EE-CB2B85126BF0}.Debug|Any CPU.Build.0 = Debug|Any CPU
		{FFCEB05E-8760-46C7-A4EE-CB2B85126BF0}.Debug|x64.ActiveCfg = Debug|Any CPU
		{FFCEB05E-8760-46C7-A4EE-CB2B85126BF0}.Debug|x64.Build.0 = Debug|Any CPU
		{FFCEB05E-8760-46C7-A4EE-CB2B85126BF0}.Debug|x86.ActiveCfg = Debug|Any CPU
		{FFCEB05E-8760-46C7-A4EE-CB2B85126BF0}.Debug|x86.Build.0 = Debug|Any CPU
		{FFCEB05E-8760-46C7-A4EE-CB2B85126BF0}.Release|Any CPU.ActiveCfg = Release|Any CPU
		{FFCEB05E-8760-46C7-A4EE-CB2B85126BF0}.Release|Any CPU.Build.0 = Release|Any CPU
		{FFCEB05E-8760-46C7-A4EE-CB2B85126BF0}.Release|x64.ActiveCfg = Release|Any CPU
		{FFCEB05E-8760-46C7-A4EE-CB2B85126BF0}.Release|x64.Build.0 = Release|Any CPU
		{FFCEB05E-8760-46C7-A4EE-CB2B85126BF0}.Release|x86.ActiveCfg = Release|Any CPU
		{FFCEB05E-8760-46C7-A4EE-CB2B85126BF0}.Release|x86.Build.0 = Release|Any CPU
		{EF69A285-EB44-44B0-BB00-0EE5C674A9B5}.Debug|Any CPU.ActiveCfg = Debug|Any CPU
		{EF69A285-EB44-44B0-BB00-0EE5C674A9B5}.Debug|Any CPU.Build.0 = Debug|Any CPU
		{EF69A285-EB44-44B0-BB00-0EE5C674A9B5}.Debug|x64.ActiveCfg = Debug|Any CPU
		{EF69A285-EB44-44B0-BB00-0EE5C674A9B5}.Debug|x64.Build.0 = Debug|Any CPU
		{EF69A285-EB44-44B0-BB00-0EE5C674A9B5}.Debug|x86.ActiveCfg = Debug|Any CPU
		{EF69A285-EB44-44B0-BB00-0EE5C674A9B5}.Debug|x86.Build.0 = Debug|Any CPU
		{EF69A285-EB44-44B0-BB00-0EE5C674A9B5}.Release|Any CPU.ActiveCfg = Release|Any CPU
		{EF69A285-EB44-44B0-BB00-0EE5C674A9B5}.Release|Any CPU.Build.0 = Release|Any CPU
		{EF69A285-EB44-44B0-BB00-0EE5C674A9B5}.Release|x64.ActiveCfg = Release|Any CPU
		{EF69A285-EB44-44B0-BB00-0EE5C674A9B5}.Release|x64.Build.0 = Release|Any CPU
		{EF69A285-EB44-44B0-BB00-0EE5C674A9B5}.Release|x86.ActiveCfg = Release|Any CPU
		{EF69A285-EB44-44B0-BB00-0EE5C674A9B5}.Release|x86.Build.0 = Release|Any CPU
		{A37F01D3-14C2-4EC5-8826-E3D0E93D83AF}.Debug|Any CPU.ActiveCfg = Debug|Any CPU
		{A37F01D3-14C2-4EC5-8826-E3D0E93D83AF}.Debug|Any CPU.Build.0 = Debug|Any CPU
		{A37F01D3-14C2-4EC5-8826-E3D0E93D83AF}.Debug|x64.ActiveCfg = Debug|Any CPU
		{A37F01D3-14C2-4EC5-8826-E3D0E93D83AF}.Debug|x64.Build.0 = Debug|Any CPU
		{A37F01D3-14C2-4EC5-8826-E3D0E93D83AF}.Debug|x86.ActiveCfg = Debug|Any CPU
		{A37F01D3-14C2-4EC5-8826-E3D0E93D83AF}.Debug|x86.Build.0 = Debug|Any CPU
		{A37F01D3-14C2-4EC5-8826-E3D0E93D83AF}.Release|Any CPU.ActiveCfg = Release|Any CPU
		{A37F01D3-14C2-4EC5-8826-E3D0E93D83AF}.Release|Any CPU.Build.0 = Release|Any CPU
		{A37F01D3-14C2-4EC5-8826-E3D0E93D83AF}.Release|x64.ActiveCfg = Release|Any CPU
		{A37F01D3-14C2-4EC5-8826-E3D0E93D83AF}.Release|x64.Build.0 = Release|Any CPU
		{A37F01D3-14C2-4EC5-8826-E3D0E93D83AF}.Release|x86.ActiveCfg = Release|Any CPU
		{A37F01D3-14C2-4EC5-8826-E3D0E93D83AF}.Release|x86.Build.0 = Release|Any CPU
		{C1C939D0-3831-4140-B578-B08A9E54DB24}.Debug|Any CPU.ActiveCfg = Debug|Any CPU
		{C1C939D0-3831-4140-B578-B08A9E54DB24}.Debug|Any CPU.Build.0 = Debug|Any CPU
		{C1C939D0-3831-4140-B578-B08A9E54DB24}.Debug|x64.ActiveCfg = Debug|Any CPU
		{C1C939D0-3831-4140-B578-B08A9E54DB24}.Debug|x64.Build.0 = Debug|Any CPU
		{C1C939D0-3831-4140-B578-B08A9E54DB24}.Debug|x86.ActiveCfg = Debug|Any CPU
		{C1C939D0-3831-4140-B578-B08A9E54DB24}.Debug|x86.Build.0 = Debug|Any CPU
		{C1C939D0-3831-4140-B578-B08A9E54DB24}.Release|Any CPU.ActiveCfg = Release|Any CPU
		{C1C939D0-3831-4140-B578-B08A9E54DB24}.Release|Any CPU.Build.0 = Release|Any CPU
		{C1C939D0-3831-4140-B578-B08A9E54DB24}.Release|x64.ActiveCfg = Release|Any CPU
		{C1C939D0-3831-4140-B578-B08A9E54DB24}.Release|x64.Build.0 = Release|Any CPU
		{C1C939D0-3831-4140-B578-B08A9E54DB24}.Release|x86.ActiveCfg = Release|Any CPU
		{C1C939D0-3831-4140-B578-B08A9E54DB24}.Release|x86.Build.0 = Release|Any CPU
		{96A916F6-3602-4A69-9DB5-1E9CBB3B0699}.Debug|Any CPU.ActiveCfg = Debug|Any CPU
		{96A916F6-3602-4A69-9DB5-1E9CBB3B0699}.Debug|Any CPU.Build.0 = Debug|Any CPU
		{96A916F6-3602-4A69-9DB5-1E9CBB3B0699}.Debug|x64.ActiveCfg = Debug|Any CPU
		{96A916F6-3602-4A69-9DB5-1E9CBB3B0699}.Debug|x64.Build.0 = Debug|Any CPU
		{96A916F6-3602-4A69-9DB5-1E9CBB3B0699}.Debug|x86.ActiveCfg = Debug|Any CPU
		{96A916F6-3602-4A69-9DB5-1E9CBB3B0699}.Debug|x86.Build.0 = Debug|Any CPU
		{96A916F6-3602-4A69-9DB5-1E9CBB3B0699}.Release|Any CPU.ActiveCfg = Release|Any CPU
		{96A916F6-3602-4A69-9DB5-1E9CBB3B0699}.Release|Any CPU.Build.0 = Release|Any CPU
		{96A916F6-3602-4A69-9DB5-1E9CBB3B0699}.Release|x64.ActiveCfg = Release|Any CPU
		{96A916F6-3602-4A69-9DB5-1E9CBB3B0699}.Release|x64.Build.0 = Release|Any CPU
		{96A916F6-3602-4A69-9DB5-1E9CBB3B0699}.Release|x86.ActiveCfg = Release|Any CPU
		{96A916F6-3602-4A69-9DB5-1E9CBB3B0699}.Release|x86.Build.0 = Release|Any CPU
		{EC181D4D-18D7-42D8-92D9-9DB804EA3863}.Debug|Any CPU.ActiveCfg = Debug|Any CPU
		{EC181D4D-18D7-42D8-92D9-9DB804EA3863}.Debug|Any CPU.Build.0 = Debug|Any CPU
		{EC181D4D-18D7-42D8-92D9-9DB804EA3863}.Debug|x64.ActiveCfg = Debug|Any CPU
		{EC181D4D-18D7-42D8-92D9-9DB804EA3863}.Debug|x64.Build.0 = Debug|Any CPU
		{EC181D4D-18D7-42D8-92D9-9DB804EA3863}.Debug|x86.ActiveCfg = Debug|Any CPU
		{EC181D4D-18D7-42D8-92D9-9DB804EA3863}.Debug|x86.Build.0 = Debug|Any CPU
		{EC181D4D-18D7-42D8-92D9-9DB804EA3863}.Release|Any CPU.ActiveCfg = Release|Any CPU
		{EC181D4D-18D7-42D8-92D9-9DB804EA3863}.Release|Any CPU.Build.0 = Release|Any CPU
		{EC181D4D-18D7-42D8-92D9-9DB804EA3863}.Release|x64.ActiveCfg = Release|Any CPU
		{EC181D4D-18D7-42D8-92D9-9DB804EA3863}.Release|x64.Build.0 = Release|Any CPU
		{EC181D4D-18D7-42D8-92D9-9DB804EA3863}.Release|x86.ActiveCfg = Release|Any CPU
		{EC181D4D-18D7-42D8-92D9-9DB804EA3863}.Release|x86.Build.0 = Release|Any CPU
		{F7933D75-40F5-43CE-A270-F6538262F624}.Debug|Any CPU.ActiveCfg = Debug|Any CPU
		{F7933D75-40F5-43CE-A270-F6538262F624}.Debug|Any CPU.Build.0 = Debug|Any CPU
		{F7933D75-40F5-43CE-A270-F6538262F624}.Debug|x64.ActiveCfg = Debug|Any CPU
		{F7933D75-40F5-43CE-A270-F6538262F624}.Debug|x64.Build.0 = Debug|Any CPU
		{F7933D75-40F5-43CE-A270-F6538262F624}.Debug|x86.ActiveCfg = Debug|Any CPU
		{F7933D75-40F5-43CE-A270-F6538262F624}.Debug|x86.Build.0 = Debug|Any CPU
		{F7933D75-40F5-43CE-A270-F6538262F624}.Release|Any CPU.ActiveCfg = Release|Any CPU
		{F7933D75-40F5-43CE-A270-F6538262F624}.Release|Any CPU.Build.0 = Release|Any CPU
		{F7933D75-40F5-43CE-A270-F6538262F624}.Release|x64.ActiveCfg = Release|Any CPU
		{F7933D75-40F5-43CE-A270-F6538262F624}.Release|x64.Build.0 = Release|Any CPU
		{F7933D75-40F5-43CE-A270-F6538262F624}.Release|x86.ActiveCfg = Release|Any CPU
		{F7933D75-40F5-43CE-A270-F6538262F624}.Release|x86.Build.0 = Release|Any CPU
		{BC28B172-7553-4C6D-977C-1603FFDB4238}.Debug|Any CPU.ActiveCfg = Debug|Any CPU
		{BC28B172-7553-4C6D-977C-1603FFDB4238}.Debug|Any CPU.Build.0 = Debug|Any CPU
		{BC28B172-7553-4C6D-977C-1603FFDB4238}.Debug|x64.ActiveCfg = Debug|Any CPU
		{BC28B172-7553-4C6D-977C-1603FFDB4238}.Debug|x64.Build.0 = Debug|Any CPU
		{BC28B172-7553-4C6D-977C-1603FFDB4238}.Debug|x86.ActiveCfg = Debug|Any CPU
		{BC28B172-7553-4C6D-977C-1603FFDB4238}.Debug|x86.Build.0 = Debug|Any CPU
		{BC28B172-7553-4C6D-977C-1603FFDB4238}.Release|Any CPU.ActiveCfg = Release|Any CPU
		{BC28B172-7553-4C6D-977C-1603FFDB4238}.Release|Any CPU.Build.0 = Release|Any CPU
		{BC28B172-7553-4C6D-977C-1603FFDB4238}.Release|x64.ActiveCfg = Release|Any CPU
		{BC28B172-7553-4C6D-977C-1603FFDB4238}.Release|x64.Build.0 = Release|Any CPU
		{BC28B172-7553-4C6D-977C-1603FFDB4238}.Release|x86.ActiveCfg = Release|Any CPU
		{BC28B172-7553-4C6D-977C-1603FFDB4238}.Release|x86.Build.0 = Release|Any CPU
		{DCBEFAB4-6395-4289-85AC-AF05F895CACC}.Debug|Any CPU.ActiveCfg = Debug|Any CPU
		{DCBEFAB4-6395-4289-85AC-AF05F895CACC}.Debug|Any CPU.Build.0 = Debug|Any CPU
		{DCBEFAB4-6395-4289-85AC-AF05F895CACC}.Debug|x64.ActiveCfg = Debug|Any CPU
		{DCBEFAB4-6395-4289-85AC-AF05F895CACC}.Debug|x64.Build.0 = Debug|Any CPU
		{DCBEFAB4-6395-4289-85AC-AF05F895CACC}.Debug|x86.ActiveCfg = Debug|Any CPU
		{DCBEFAB4-6395-4289-85AC-AF05F895CACC}.Debug|x86.Build.0 = Debug|Any CPU
		{DCBEFAB4-6395-4289-85AC-AF05F895CACC}.Release|Any CPU.ActiveCfg = Release|Any CPU
		{DCBEFAB4-6395-4289-85AC-AF05F895CACC}.Release|Any CPU.Build.0 = Release|Any CPU
		{DCBEFAB4-6395-4289-85AC-AF05F895CACC}.Release|x64.ActiveCfg = Release|Any CPU
		{DCBEFAB4-6395-4289-85AC-AF05F895CACC}.Release|x64.Build.0 = Release|Any CPU
		{DCBEFAB4-6395-4289-85AC-AF05F895CACC}.Release|x86.ActiveCfg = Release|Any CPU
		{DCBEFAB4-6395-4289-85AC-AF05F895CACC}.Release|x86.Build.0 = Release|Any CPU
		{2D42B6B5-9B27-4A80-906B-DD7009C72E97}.Debug|Any CPU.ActiveCfg = Debug|Any CPU
		{2D42B6B5-9B27-4A80-906B-DD7009C72E97}.Debug|Any CPU.Build.0 = Debug|Any CPU
		{2D42B6B5-9B27-4A80-906B-DD7009C72E97}.Debug|x64.ActiveCfg = Debug|Any CPU
		{2D42B6B5-9B27-4A80-906B-DD7009C72E97}.Debug|x64.Build.0 = Debug|Any CPU
		{2D42B6B5-9B27-4A80-906B-DD7009C72E97}.Debug|x86.ActiveCfg = Debug|Any CPU
		{2D42B6B5-9B27-4A80-906B-DD7009C72E97}.Debug|x86.Build.0 = Debug|Any CPU
		{2D42B6B5-9B27-4A80-906B-DD7009C72E97}.Release|Any CPU.ActiveCfg = Release|Any CPU
		{2D42B6B5-9B27-4A80-906B-DD7009C72E97}.Release|Any CPU.Build.0 = Release|Any CPU
		{2D42B6B5-9B27-4A80-906B-DD7009C72E97}.Release|x64.ActiveCfg = Release|Any CPU
		{2D42B6B5-9B27-4A80-906B-DD7009C72E97}.Release|x64.Build.0 = Release|Any CPU
		{2D42B6B5-9B27-4A80-906B-DD7009C72E97}.Release|x86.ActiveCfg = Release|Any CPU
		{2D42B6B5-9B27-4A80-906B-DD7009C72E97}.Release|x86.Build.0 = Release|Any CPU
		{ABF872B9-3577-4B6B-A1DD-69DA0FCAD19C}.Debug|Any CPU.ActiveCfg = Debug|Any CPU
		{ABF872B9-3577-4B6B-A1DD-69DA0FCAD19C}.Debug|Any CPU.Build.0 = Debug|Any CPU
		{ABF872B9-3577-4B6B-A1DD-69DA0FCAD19C}.Debug|x64.ActiveCfg = Debug|Any CPU
		{ABF872B9-3577-4B6B-A1DD-69DA0FCAD19C}.Debug|x64.Build.0 = Debug|Any CPU
		{ABF872B9-3577-4B6B-A1DD-69DA0FCAD19C}.Debug|x86.ActiveCfg = Debug|Any CPU
		{ABF872B9-3577-4B6B-A1DD-69DA0FCAD19C}.Debug|x86.Build.0 = Debug|Any CPU
		{ABF872B9-3577-4B6B-A1DD-69DA0FCAD19C}.Release|Any CPU.ActiveCfg = Release|Any CPU
		{ABF872B9-3577-4B6B-A1DD-69DA0FCAD19C}.Release|Any CPU.Build.0 = Release|Any CPU
		{ABF872B9-3577-4B6B-A1DD-69DA0FCAD19C}.Release|x64.ActiveCfg = Release|Any CPU
		{ABF872B9-3577-4B6B-A1DD-69DA0FCAD19C}.Release|x64.Build.0 = Release|Any CPU
		{ABF872B9-3577-4B6B-A1DD-69DA0FCAD19C}.Release|x86.ActiveCfg = Release|Any CPU
		{ABF872B9-3577-4B6B-A1DD-69DA0FCAD19C}.Release|x86.Build.0 = Release|Any CPU
		{FDE2FB74-5F07-4EC2-8216-70C1729BBC41}.Debug|Any CPU.ActiveCfg = Debug|Any CPU
		{FDE2FB74-5F07-4EC2-8216-70C1729BBC41}.Debug|Any CPU.Build.0 = Debug|Any CPU
		{FDE2FB74-5F07-4EC2-8216-70C1729BBC41}.Debug|x64.ActiveCfg = Debug|Any CPU
		{FDE2FB74-5F07-4EC2-8216-70C1729BBC41}.Debug|x64.Build.0 = Debug|Any CPU
		{FDE2FB74-5F07-4EC2-8216-70C1729BBC41}.Debug|x86.ActiveCfg = Debug|Any CPU
		{FDE2FB74-5F07-4EC2-8216-70C1729BBC41}.Debug|x86.Build.0 = Debug|Any CPU
		{FDE2FB74-5F07-4EC2-8216-70C1729BBC41}.Release|Any CPU.ActiveCfg = Release|Any CPU
		{FDE2FB74-5F07-4EC2-8216-70C1729BBC41}.Release|Any CPU.Build.0 = Release|Any CPU
		{FDE2FB74-5F07-4EC2-8216-70C1729BBC41}.Release|x64.ActiveCfg = Release|Any CPU
		{FDE2FB74-5F07-4EC2-8216-70C1729BBC41}.Release|x64.Build.0 = Release|Any CPU
		{FDE2FB74-5F07-4EC2-8216-70C1729BBC41}.Release|x86.ActiveCfg = Release|Any CPU
		{FDE2FB74-5F07-4EC2-8216-70C1729BBC41}.Release|x86.Build.0 = Release|Any CPU
		{0F8D5B99-9074-409A-96D7-700FECA50CC5}.Debug|Any CPU.ActiveCfg = Debug|Any CPU
		{0F8D5B99-9074-409A-96D7-700FECA50CC5}.Debug|Any CPU.Build.0 = Debug|Any CPU
		{0F8D5B99-9074-409A-96D7-700FECA50CC5}.Debug|x64.ActiveCfg = Debug|Any CPU
		{0F8D5B99-9074-409A-96D7-700FECA50CC5}.Debug|x64.Build.0 = Debug|Any CPU
		{0F8D5B99-9074-409A-96D7-700FECA50CC5}.Debug|x86.ActiveCfg = Debug|Any CPU
		{0F8D5B99-9074-409A-96D7-700FECA50CC5}.Debug|x86.Build.0 = Debug|Any CPU
		{0F8D5B99-9074-409A-96D7-700FECA50CC5}.Release|Any CPU.ActiveCfg = Release|Any CPU
		{0F8D5B99-9074-409A-96D7-700FECA50CC5}.Release|Any CPU.Build.0 = Release|Any CPU
		{0F8D5B99-9074-409A-96D7-700FECA50CC5}.Release|x64.ActiveCfg = Release|Any CPU
		{0F8D5B99-9074-409A-96D7-700FECA50CC5}.Release|x64.Build.0 = Release|Any CPU
		{0F8D5B99-9074-409A-96D7-700FECA50CC5}.Release|x86.ActiveCfg = Release|Any CPU
		{0F8D5B99-9074-409A-96D7-700FECA50CC5}.Release|x86.Build.0 = Release|Any CPU
	EndGlobalSection
	GlobalSection(SolutionProperties) = preSolution
		HideSolutionNode = FALSE
	EndGlobalSection
	GlobalSection(ExtensibilityGlobals) = postSolution
		SolutionGuid = {61D1CE22-787C-434A-A22F-130A5958E156}
	EndGlobalSection
EndGlobal
